// !$*UTF8*$!
{
	archiveVersion = 1;
	classes = {
	};
	objectVersion = 46;
	objects = {

/* Begin PBXBuildFile section */
		0C3683881E0D17E200B7924D /* InfoView.swift in Sources */ = {isa = PBXBuildFile; fileRef = 0C3683871E0D17E200B7924D /* InfoView.swift */; };
		0C36838A1E0D180100B7924D /* LabelsView.swift in Sources */ = {isa = PBXBuildFile; fileRef = 0C3683891E0D180100B7924D /* LabelsView.swift */; };
		0C36838C1E0D181D00B7924D /* LabelsStackView.swift in Sources */ = {isa = PBXBuildFile; fileRef = 0C36838B1E0D181D00B7924D /* LabelsStackView.swift */; };
		0C6121121E0AA8B10093A529 /* ViewModel.swift in Sources */ = {isa = PBXBuildFile; fileRef = 0C6121111E0AA8B10093A529 /* ViewModel.swift */; };
		0C79575C1E07FB110053CD2C /* AppDelegate.swift in Sources */ = {isa = PBXBuildFile; fileRef = 0C79575B1E07FB110053CD2C /* AppDelegate.swift */; };
		0C79575E1E07FB110053CD2C /* ViewController.swift in Sources */ = {isa = PBXBuildFile; fileRef = 0C79575D1E07FB110053CD2C /* ViewController.swift */; };
		0C7957611E07FB110053CD2C /* Main.storyboard in Resources */ = {isa = PBXBuildFile; fileRef = 0C79575F1E07FB110053CD2C /* Main.storyboard */; };
		0C7957631E07FB110053CD2C /* Assets.xcassets in Resources */ = {isa = PBXBuildFile; fileRef = 0C7957621E07FB110053CD2C /* Assets.xcassets */; };
		0C7957661E07FB110053CD2C /* LaunchScreen.storyboard in Resources */ = {isa = PBXBuildFile; fileRef = 0C7957641E07FB110053CD2C /* LaunchScreen.storyboard */; };
		0C7957711E07FB110053CD2C /* SwiftStaticUITests.swift in Sources */ = {isa = PBXBuildFile; fileRef = 0C7957701E07FB110053CD2C /* SwiftStaticUITests.swift */; };
		0C79577C1E07FB110053CD2C /* SwiftStaticUIUITests.swift in Sources */ = {isa = PBXBuildFile; fileRef = 0C79577B1E07FB110053CD2C /* SwiftStaticUIUITests.swift */; };
/* End PBXBuildFile section */

/* Begin PBXContainerItemProxy section */
		0C79576D1E07FB110053CD2C /* PBXContainerItemProxy */ = {
			isa = PBXContainerItemProxy;
			containerPortal = 0C7957501E07FB110053CD2C /* Project object */;
			proxyType = 1;
			remoteGlobalIDString = 0C7957571E07FB110053CD2C;
			remoteInfo = SwiftStaticUI;
		};
		0C7957781E07FB110053CD2C /* PBXContainerItemProxy */ = {
			isa = PBXContainerItemProxy;
			containerPortal = 0C7957501E07FB110053CD2C /* Project object */;
			proxyType = 1;
			remoteGlobalIDString = 0C7957571E07FB110053CD2C;
			remoteInfo = SwiftStaticUI;
		};
/* End PBXContainerItemProxy section */

/* Begin PBXFileReference section */
		0C3683871E0D17E200B7924D /* InfoView.swift */ = {isa = PBXFileReference; fileEncoding = 4; lastKnownFileType = sourcecode.swift; path = InfoView.swift; sourceTree = "<group>"; };
		0C3683891E0D180100B7924D /* LabelsView.swift */ = {isa = PBXFileReference; fileEncoding = 4; lastKnownFileType = sourcecode.swift; path = LabelsView.swift; sourceTree = "<group>"; };
		0C36838B1E0D181D00B7924D /* LabelsStackView.swift */ = {isa = PBXFileReference; fileEncoding = 4; lastKnownFileType = sourcecode.swift; path = LabelsStackView.swift; sourceTree = "<group>"; };
		0C6121111E0AA8B10093A529 /* ViewModel.swift */ = {isa = PBXFileReference; fileEncoding = 4; lastKnownFileType = sourcecode.swift; path = ViewModel.swift; sourceTree = "<group>"; };
		0C7957581E07FB110053CD2C /* SwiftStaticUI.app */ = {isa = PBXFileReference; explicitFileType = wrapper.application; includeInIndex = 0; path = SwiftStaticUI.app; sourceTree = BUILT_PRODUCTS_DIR; };
		0C79575B1E07FB110053CD2C /* AppDelegate.swift */ = {isa = PBXFileReference; lastKnownFileType = sourcecode.swift; path = AppDelegate.swift; sourceTree = "<group>"; };
		0C79575D1E07FB110053CD2C /* ViewController.swift */ = {isa = PBXFileReference; lastKnownFileType = sourcecode.swift; path = ViewController.swift; sourceTree = "<group>"; };
		0C7957601E07FB110053CD2C /* Base */ = {isa = PBXFileReference; lastKnownFileType = file.storyboard; name = Base; path = Base.lproj/Main.storyboard; sourceTree = "<group>"; };
		0C7957621E07FB110053CD2C /* Assets.xcassets */ = {isa = PBXFileReference; lastKnownFileType = folder.assetcatalog; path = Assets.xcassets; sourceTree = "<group>"; };
		0C7957651E07FB110053CD2C /* Base */ = {isa = PBXFileReference; lastKnownFileType = file.storyboard; name = Base; path = Base.lproj/LaunchScreen.storyboard; sourceTree = "<group>"; };
		0C7957671E07FB110053CD2C /* Info.plist */ = {isa = PBXFileReference; lastKnownFileType = text.plist.xml; path = Info.plist; sourceTree = "<group>"; };
		0C79576C1E07FB110053CD2C /* SwiftStaticUITests.xctest */ = {isa = PBXFileReference; explicitFileType = wrapper.cfbundle; includeInIndex = 0; path = SwiftStaticUITests.xctest; sourceTree = BUILT_PRODUCTS_DIR; };
		0C7957701E07FB110053CD2C /* SwiftStaticUITests.swift */ = {isa = PBXFileReference; lastKnownFileType = sourcecode.swift; path = SwiftStaticUITests.swift; sourceTree = "<group>"; };
		0C7957721E07FB110053CD2C /* Info.plist */ = {isa = PBXFileReference; lastKnownFileType = text.plist.xml; path = Info.plist; sourceTree = "<group>"; };
		0C7957771E07FB110053CD2C /* SwiftStaticUIUITests.xctest */ = {isa = PBXFileReference; explicitFileType = wrapper.cfbundle; includeInIndex = 0; path = SwiftStaticUIUITests.xctest; sourceTree = BUILT_PRODUCTS_DIR; };
		0C79577B1E07FB110053CD2C /* SwiftStaticUIUITests.swift */ = {isa = PBXFileReference; lastKnownFileType = sourcecode.swift; path = SwiftStaticUIUITests.swift; sourceTree = "<group>"; };
		0C79577D1E07FB110053CD2C /* Info.plist */ = {isa = PBXFileReference; lastKnownFileType = text.plist.xml; path = Info.plist; sourceTree = "<group>"; };
/* End PBXFileReference section */

/* Begin PBXFrameworksBuildPhase section */
		0C7957551E07FB110053CD2C /* Frameworks */ = {
			isa = PBXFrameworksBuildPhase;
			buildActionMask = 2147483647;
			files = (
			);
			runOnlyForDeploymentPostprocessing = 0;
		};
		0C7957691E07FB110053CD2C /* Frameworks */ = {
			isa = PBXFrameworksBuildPhase;
			buildActionMask = 2147483647;
			files = (
			);
			runOnlyForDeploymentPostprocessing = 0;
		};
		0C7957741E07FB110053CD2C /* Frameworks */ = {
			isa = PBXFrameworksBuildPhase;
			buildActionMask = 2147483647;
			files = (
			);
			runOnlyForDeploymentPostprocessing = 0;
		};
/* End PBXFrameworksBuildPhase section */

/* Begin PBXGroup section */
		0C36838D1E0D182600B7924D /* Views */ = {
			isa = PBXGroup;
			children = (
				0C3683871E0D17E200B7924D /* InfoView.swift */,
				0C3683891E0D180100B7924D /* LabelsView.swift */,
				0C36838B1E0D181D00B7924D /* LabelsStackView.swift */,
			);
			path = Views;
			sourceTree = "<group>";
		};
		0C36838E1E1011C600B7924D /* Main */ = {
			isa = PBXGroup;
			children = (
				0C79575B1E07FB110053CD2C /* AppDelegate.swift */,
				0C79575D1E07FB110053CD2C /* ViewController.swift */,
			);
			path = Main;
			sourceTree = "<group>";
		};
		0C6121131E0AA8BA0093A529 /* Support */ = {
			isa = PBXGroup;
			children = (
				0C7957621E07FB110053CD2C /* Assets.xcassets */,
				0C7957671E07FB110053CD2C /* Info.plist */,
				0C7957641E07FB110053CD2C /* LaunchScreen.storyboard */,
				0C79575F1E07FB110053CD2C /* Main.storyboard */,
			);
			path = Support;
			sourceTree = "<group>";
		};
		0C6121141E0AA8C30093A529 /* ViewModel */ = {
			isa = PBXGroup;
			children = (
				0C6121111E0AA8B10093A529 /* ViewModel.swift */,
			);
			path = ViewModel;
			sourceTree = "<group>";
		};
		0C79574F1E07FB110053CD2C = {
			isa = PBXGroup;
			children = (
				0C7957591E07FB110053CD2C /* Products */,
				0C79575A1E07FB110053CD2C /* SwiftStaticUI */,
				0C79576F1E07FB110053CD2C /* SwiftStaticUITests */,
				0C79577A1E07FB110053CD2C /* SwiftStaticUIUITests */,
			);
			sourceTree = "<group>";
		};
		0C7957591E07FB110053CD2C /* Products */ = {
			isa = PBXGroup;
			children = (
				0C7957581E07FB110053CD2C /* SwiftStaticUI.app */,
				0C79576C1E07FB110053CD2C /* SwiftStaticUITests.xctest */,
				0C7957771E07FB110053CD2C /* SwiftStaticUIUITests.xctest */,
			);
			name = Products;
			sourceTree = "<group>";
		};
		0C79575A1E07FB110053CD2C /* SwiftStaticUI */ = {
			isa = PBXGroup;
			children = (
				0C36838E1E1011C600B7924D /* Main */,
				0C6121131E0AA8BA0093A529 /* Support */,
				0C6121141E0AA8C30093A529 /* ViewModel */,
				0C36838D1E0D182600B7924D /* Views */,
			);
			path = SwiftStaticUI;
			sourceTree = "<group>";
		};
		0C79576F1E07FB110053CD2C /* SwiftStaticUITests */ = {
			isa = PBXGroup;
			children = (
				0C7957721E07FB110053CD2C /* Info.plist */,
				0C7957701E07FB110053CD2C /* SwiftStaticUITests.swift */,
			);
			path = SwiftStaticUITests;
			sourceTree = "<group>";
		};
		0C79577A1E07FB110053CD2C /* SwiftStaticUIUITests */ = {
			isa = PBXGroup;
			children = (
				0C79577D1E07FB110053CD2C /* Info.plist */,
				0C79577B1E07FB110053CD2C /* SwiftStaticUIUITests.swift */,
			);
			path = SwiftStaticUIUITests;
			sourceTree = "<group>";
		};
/* End PBXGroup section */

/* Begin PBXNativeTarget section */
		0C7957571E07FB110053CD2C /* SwiftStaticUI */ = {
			isa = PBXNativeTarget;
			buildConfigurationList = 0C7957801E07FB110053CD2C /* Build configuration list for PBXNativeTarget "SwiftStaticUI" */;
			buildPhases = (
				0C7957541E07FB110053CD2C /* Sources */,
				0C7957551E07FB110053CD2C /* Frameworks */,
				0C7957561E07FB110053CD2C /* Resources */,
			);
			buildRules = (
			);
			dependencies = (
			);
			name = SwiftStaticUI;
			productName = SwiftStaticUI;
			productReference = 0C7957581E07FB110053CD2C /* SwiftStaticUI.app */;
			productType = "com.apple.product-type.application";
		};
		0C79576B1E07FB110053CD2C /* SwiftStaticUITests */ = {
			isa = PBXNativeTarget;
			buildConfigurationList = 0C7957831E07FB110053CD2C /* Build configuration list for PBXNativeTarget "SwiftStaticUITests" */;
			buildPhases = (
				0C7957681E07FB110053CD2C /* Sources */,
				0C7957691E07FB110053CD2C /* Frameworks */,
				0C79576A1E07FB110053CD2C /* Resources */,
			);
			buildRules = (
			);
			dependencies = (
				0C79576E1E07FB110053CD2C /* PBXTargetDependency */,
			);
			name = SwiftStaticUITests;
			productName = SwiftStaticUITests;
			productReference = 0C79576C1E07FB110053CD2C /* SwiftStaticUITests.xctest */;
			productType = "com.apple.product-type.bundle.unit-test";
		};
		0C7957761E07FB110053CD2C /* SwiftStaticUIUITests */ = {
			isa = PBXNativeTarget;
			buildConfigurationList = 0C7957861E07FB110053CD2C /* Build configuration list for PBXNativeTarget "SwiftStaticUIUITests" */;
			buildPhases = (
				0C7957731E07FB110053CD2C /* Sources */,
				0C7957741E07FB110053CD2C /* Frameworks */,
				0C7957751E07FB110053CD2C /* Resources */,
			);
			buildRules = (
			);
			dependencies = (
				0C7957791E07FB110053CD2C /* PBXTargetDependency */,
			);
			name = SwiftStaticUIUITests;
			productName = SwiftStaticUIUITests;
			productReference = 0C7957771E07FB110053CD2C /* SwiftStaticUIUITests.xctest */;
			productType = "com.apple.product-type.bundle.ui-testing";
		};
/* End PBXNativeTarget section */

/* Begin PBXProject section */
		0C7957501E07FB110053CD2C /* Project object */ = {
			isa = PBXProject;
			attributes = {
				LastSwiftUpdateCheck = 0820;
				LastUpgradeCheck = 0820;
				ORGANIZATIONNAME = "Guanxiong Cao ";
				TargetAttributes = {
					0C7957571E07FB110053CD2C = {
						CreatedOnToolsVersion = 8.2;
						ProvisioningStyle = Automatic;
					};
					0C79576B1E07FB110053CD2C = {
						CreatedOnToolsVersion = 8.2;
						ProvisioningStyle = Automatic;
						TestTargetID = 0C7957571E07FB110053CD2C;
					};
					0C7957761E07FB110053CD2C = {
						CreatedOnToolsVersion = 8.2;
						ProvisioningStyle = Automatic;
						TestTargetID = 0C7957571E07FB110053CD2C;
					};
				};
			};
			buildConfigurationList = 0C7957531E07FB110053CD2C /* Build configuration list for PBXProject "SwiftStaticUI" */;
			compatibilityVersion = "Xcode 3.2";
			developmentRegion = English;
			hasScannedForEncodings = 0;
			knownRegions = (
				en,
				Base,
			);
			mainGroup = 0C79574F1E07FB110053CD2C;
			productRefGroup = 0C7957591E07FB110053CD2C /* Products */;
			projectDirPath = "";
			projectRoot = "";
			targets = (
				0C7957571E07FB110053CD2C /* SwiftStaticUI */,
				0C79576B1E07FB110053CD2C /* SwiftStaticUITests */,
				0C7957761E07FB110053CD2C /* SwiftStaticUIUITests */,
			);
		};
/* End PBXProject section */

/* Begin PBXResourcesBuildPhase section */
		0C7957561E07FB110053CD2C /* Resources */ = {
			isa = PBXResourcesBuildPhase;
			buildActionMask = 2147483647;
			files = (
				0C7957661E07FB110053CD2C /* LaunchScreen.storyboard in Resources */,
				0C7957631E07FB110053CD2C /* Assets.xcassets in Resources */,
				0C7957611E07FB110053CD2C /* Main.storyboard in Resources */,
			);
			runOnlyForDeploymentPostprocessing = 0;
		};
		0C79576A1E07FB110053CD2C /* Resources */ = {
			isa = PBXResourcesBuildPhase;
			buildActionMask = 2147483647;
			files = (
			);
			runOnlyForDeploymentPostprocessing = 0;
		};
		0C7957751E07FB110053CD2C /* Resources */ = {
			isa = PBXResourcesBuildPhase;
			buildActionMask = 2147483647;
			files = (
			);
			runOnlyForDeploymentPostprocessing = 0;
		};
/* End PBXResourcesBuildPhase section */

/* Begin PBXSourcesBuildPhase section */
		0C7957541E07FB110053CD2C /* Sources */ = {
			isa = PBXSourcesBuildPhase;
			buildActionMask = 2147483647;
			files = (
				0C79575E1E07FB110053CD2C /* ViewController.swift in Sources */,
				0C36838A1E0D180100B7924D /* LabelsView.swift in Sources */,
				0C6121121E0AA8B10093A529 /* ViewModel.swift in Sources */,
				0C3683881E0D17E200B7924D /* InfoView.swift in Sources */,
				0C79575C1E07FB110053CD2C /* AppDelegate.swift in Sources */,
				0C36838C1E0D181D00B7924D /* LabelsStackView.swift in Sources */,
			);
			runOnlyForDeploymentPostprocessing = 0;
		};
		0C7957681E07FB110053CD2C /* Sources */ = {
			isa = PBXSourcesBuildPhase;
			buildActionMask = 2147483647;
			files = (
				0C7957711E07FB110053CD2C /* SwiftStaticUITests.swift in Sources */,
			);
			runOnlyForDeploymentPostprocessing = 0;
		};
		0C7957731E07FB110053CD2C /* Sources */ = {
			isa = PBXSourcesBuildPhase;
			buildActionMask = 2147483647;
			files = (
				0C79577C1E07FB110053CD2C /* SwiftStaticUIUITests.swift in Sources */,
			);
			runOnlyForDeploymentPostprocessing = 0;
		};
/* End PBXSourcesBuildPhase section */

/* Begin PBXTargetDependency section */
		0C79576E1E07FB110053CD2C /* PBXTargetDependency */ = {
			isa = PBXTargetDependency;
			target = 0C7957571E07FB110053CD2C /* SwiftStaticUI */;
			targetProxy = 0C79576D1E07FB110053CD2C /* PBXContainerItemProxy */;
		};
		0C7957791E07FB110053CD2C /* PBXTargetDependency */ = {
			isa = PBXTargetDependency;
			target = 0C7957571E07FB110053CD2C /* SwiftStaticUI */;
			targetProxy = 0C7957781E07FB110053CD2C /* PBXContainerItemProxy */;
		};
/* End PBXTargetDependency section */

/* Begin PBXVariantGroup section */
		0C79575F1E07FB110053CD2C /* Main.storyboard */ = {
			isa = PBXVariantGroup;
			children = (
				0C7957601E07FB110053CD2C /* Base */,
			);
			name = Main.storyboard;
			path = .;
			sourceTree = "<group>";
		};
		0C7957641E07FB110053CD2C /* LaunchScreen.storyboard */ = {
			isa = PBXVariantGroup;
			children = (
				0C7957651E07FB110053CD2C /* Base */,
			);
			name = LaunchScreen.storyboard;
			path = .;
			sourceTree = "<group>";
		};
/* End PBXVariantGroup section */

/* Begin XCBuildConfiguration section */
		0C79577E1E07FB110053CD2C /* Debug */ = {
			isa = XCBuildConfiguration;
			buildSettings = {
				ALWAYS_SEARCH_USER_PATHS = NO;
				CLANG_ANALYZER_NONNULL = YES;
				CLANG_CXX_LANGUAGE_STANDARD = "gnu++0x";
				CLANG_CXX_LIBRARY = "libc++";
				CLANG_ENABLE_MODULES = YES;
				CLANG_ENABLE_OBJC_ARC = YES;
				CLANG_WARN_BOOL_CONVERSION = YES;
				CLANG_WARN_CONSTANT_CONVERSION = YES;
				CLANG_WARN_DIRECT_OBJC_ISA_USAGE = YES_ERROR;
				CLANG_WARN_DOCUMENTATION_COMMENTS = YES;
				CLANG_WARN_EMPTY_BODY = YES;
				CLANG_WARN_ENUM_CONVERSION = YES;
				CLANG_WARN_INFINITE_RECURSION = YES;
				CLANG_WARN_INT_CONVERSION = YES;
				CLANG_WARN_OBJC_ROOT_CLASS = YES_ERROR;
				CLANG_WARN_SUSPICIOUS_MOVE = YES;
				CLANG_WARN_UNREACHABLE_CODE = YES;
				CLANG_WARN__DUPLICATE_METHOD_MATCH = YES;
				"CODE_SIGN_IDENTITY[sdk=iphoneos*]" = "iPhone Developer";
				COPY_PHASE_STRIP = NO;
				DEBUG_INFORMATION_FORMAT = dwarf;
				ENABLE_STRICT_OBJC_MSGSEND = YES;
				ENABLE_TESTABILITY = YES;
				GCC_C_LANGUAGE_STANDARD = gnu99;
				GCC_DYNAMIC_NO_PIC = NO;
				GCC_NO_COMMON_BLOCKS = YES;
				GCC_OPTIMIZATION_LEVEL = 0;
				GCC_PREPROCESSOR_DEFINITIONS = (
					"DEBUG=1",
					"$(inherited)",
				);
				GCC_WARN_64_TO_32_BIT_CONVERSION = YES;
				GCC_WARN_ABOUT_RETURN_TYPE = YES_ERROR;
				GCC_WARN_UNDECLARED_SELECTOR = YES;
				GCC_WARN_UNINITIALIZED_AUTOS = YES_AGGRESSIVE;
				GCC_WARN_UNUSED_FUNCTION = YES;
				GCC_WARN_UNUSED_VARIABLE = YES;
				IPHONEOS_DEPLOYMENT_TARGET = 10.2;
				MTL_ENABLE_DEBUG_INFO = YES;
				ONLY_ACTIVE_ARCH = YES;
				SDKROOT = iphoneos;
				SWIFT_ACTIVE_COMPILATION_CONDITIONS = DEBUG;
				SWIFT_OPTIMIZATION_LEVEL = "-Onone";
				TARGETED_DEVICE_FAMILY = "1,2";
			};
			name = Debug;
		};
		0C79577F1E07FB110053CD2C /* Release */ = {
			isa = XCBuildConfiguration;
			buildSettings = {
				ALWAYS_SEARCH_USER_PATHS = NO;
				CLANG_ANALYZER_NONNULL = YES;
				CLANG_CXX_LANGUAGE_STANDARD = "gnu++0x";
				CLANG_CXX_LIBRARY = "libc++";
				CLANG_ENABLE_MODULES = YES;
				CLANG_ENABLE_OBJC_ARC = YES;
				CLANG_WARN_BOOL_CONVERSION = YES;
				CLANG_WARN_CONSTANT_CONVERSION = YES;
				CLANG_WARN_DIRECT_OBJC_ISA_USAGE = YES_ERROR;
				CLANG_WARN_DOCUMENTATION_COMMENTS = YES;
				CLANG_WARN_EMPTY_BODY = YES;
				CLANG_WARN_ENUM_CONVERSION = YES;
				CLANG_WARN_INFINITE_RECURSION = YES;
				CLANG_WARN_INT_CONVERSION = YES;
				CLANG_WARN_OBJC_ROOT_CLASS = YES_ERROR;
				CLANG_WARN_SUSPICIOUS_MOVE = YES;
				CLANG_WARN_UNREACHABLE_CODE = YES;
				CLANG_WARN__DUPLICATE_METHOD_MATCH = YES;
				"CODE_SIGN_IDENTITY[sdk=iphoneos*]" = "iPhone Developer";
				COPY_PHASE_STRIP = NO;
				DEBUG_INFORMATION_FORMAT = "dwarf-with-dsym";
				ENABLE_NS_ASSERTIONS = NO;
				ENABLE_STRICT_OBJC_MSGSEND = YES;
				GCC_C_LANGUAGE_STANDARD = gnu99;
				GCC_NO_COMMON_BLOCKS = YES;
				GCC_WARN_64_TO_32_BIT_CONVERSION = YES;
				GCC_WARN_ABOUT_RETURN_TYPE = YES_ERROR;
				GCC_WARN_UNDECLARED_SELECTOR = YES;
				GCC_WARN_UNINITIALIZED_AUTOS = YES_AGGRESSIVE;
				GCC_WARN_UNUSED_FUNCTION = YES;
				GCC_WARN_UNUSED_VARIABLE = YES;
				IPHONEOS_DEPLOYMENT_TARGET = 10.2;
				MTL_ENABLE_DEBUG_INFO = NO;
				SDKROOT = iphoneos;
				SWIFT_OPTIMIZATION_LEVEL = "-Owholemodule";
				TARGETED_DEVICE_FAMILY = "1,2";
				VALIDATE_PRODUCT = YES;
			};
			name = Release;
		};
		0C7957811E07FB110053CD2C /* Debug */ = {
			isa = XCBuildConfiguration;
			buildSettings = {
				ASSETCATALOG_COMPILER_APPICON_NAME = AppIcon;
				INFOPLIST_FILE = SwiftStaticUI/Support/Info.plist;
				LD_RUNPATH_SEARCH_PATHS = "$(inherited) @executable_path/Frameworks";
				PRODUCT_BUNDLE_IDENTIFIER = com.gxcao.SwiftStaticUI;
				PRODUCT_NAME = "$(TARGET_NAME)";
				SWIFT_VERSION = 3.0;
			};
			name = Debug;
		};
		0C7957821E07FB110053CD2C /* Release */ = {
			isa = XCBuildConfiguration;
			buildSettings = {
				ASSETCATALOG_COMPILER_APPICON_NAME = AppIcon;
				INFOPLIST_FILE = SwiftStaticUI/Support/Info.plist;
				LD_RUNPATH_SEARCH_PATHS = "$(inherited) @executable_path/Frameworks";
				PRODUCT_BUNDLE_IDENTIFIER = com.gxcao.SwiftStaticUI;
				PRODUCT_NAME = "$(TARGET_NAME)";
				SWIFT_VERSION = 3.0;
			};
			name = Release;
		};
		0C7957841E07FB110053CD2C /* Debug */ = {
			isa = XCBuildConfiguration;
			buildSettings = {
				ALWAYS_EMBED_SWIFT_STANDARD_LIBRARIES = YES;
				BUNDLE_LOADER = "$(TEST_HOST)";
				INFOPLIST_FILE = SwiftStaticUITests/Info.plist;
				LD_RUNPATH_SEARCH_PATHS = "$(inherited) @executable_path/Frameworks @loader_path/Frameworks";
				PRODUCT_BUNDLE_IDENTIFIER = com.gxcao.SwiftStaticUITests;
				PRODUCT_NAME = "$(TARGET_NAME)";
				SWIFT_VERSION = 3.0;
				TEST_HOST = "$(BUILT_PRODUCTS_DIR)/SwiftStaticUI.app/SwiftStaticUI";
			};
			name = Debug;
		};
		0C7957851E07FB110053CD2C /* Release */ = {
			isa = XCBuildConfiguration;
			buildSettings = {
				ALWAYS_EMBED_SWIFT_STANDARD_LIBRARIES = YES;
				BUNDLE_LOADER = "$(TEST_HOST)";
				INFOPLIST_FILE = SwiftStaticUITests/Info.plist;
				LD_RUNPATH_SEARCH_PATHS = "$(inherited) @executable_path/Frameworks @loader_path/Frameworks";
				PRODUCT_BUNDLE_IDENTIFIER = com.gxcao.SwiftStaticUITests;
				PRODUCT_NAME = "$(TARGET_NAME)";
				SWIFT_VERSION = 3.0;
				TEST_HOST = "$(BUILT_PRODUCTS_DIR)/SwiftStaticUI.app/SwiftStaticUI";
			};
			name = Release;
		};
		0C7957871E07FB110053CD2C /* Debug */ = {
			isa = XCBuildConfiguration;
			buildSettings = {
				ALWAYS_EMBED_SWIFT_STANDARD_LIBRARIES = YES;
				INFOPLIST_FILE = SwiftStaticUIUITests/Info.plist;
				LD_RUNPATH_SEARCH_PATHS = "$(inherited) @executable_path/Frameworks @loader_path/Frameworks";
				PRODUCT_BUNDLE_IDENTIFIER = com.gxcao.SwiftStaticUIUITests;
				PRODUCT_NAME = "$(TARGET_NAME)";
				SWIFT_VERSION = 3.0;
				TEST_TARGET_NAME = SwiftStaticUI;
			};
			name = Debug;
		};
		0C7957881E07FB110053CD2C /* Release */ = {
			isa = XCBuildConfiguration;
			buildSettings = {
				ALWAYS_EMBED_SWIFT_STANDARD_LIBRARIES = YES;
				INFOPLIST_FILE = SwiftStaticUIUITests/Info.plist;
				LD_RUNPATH_SEARCH_PATHS = "$(inherited) @executable_path/Frameworks @loader_path/Frameworks";
				PRODUCT_BUNDLE_IDENTIFIER = com.gxcao.SwiftStaticUIUITests;
				PRODUCT_NAME = "$(TARGET_NAME)";
				SWIFT_VERSION = 3.0;
				TEST_TARGET_NAME = SwiftStaticUI;
			};
			name = Release;
		};
/* End XCBuildConfiguration section */

/* Begin XCConfigurationList section */
		0C7957531E07FB110053CD2C /* Build configuration list for PBXProject "SwiftStaticUI" */ = {
			isa = XCConfigurationList;
			buildConfigurations = (
				0C79577E1E07FB110053CD2C /* Debug */,
				0C79577F1E07FB110053CD2C /* Release */,
			);
			defaultConfigurationIsVisible = 0;
			defaultConfigurationName = Release;
		};
		0C7957801E07FB110053CD2C /* Build configuration list for PBXNativeTarget "SwiftStaticUI" */ = {
			isa = XCConfigurationList;
			buildConfigurations = (
				0C7957811E07FB110053CD2C /* Debug */,
				0C7957821E07FB110053CD2C /* Release */,
			);
			defaultConfigurationIsVisible = 0;
			defaultConfigurationName = Release;
		};
		0C7957831E07FB110053CD2C /* Build configuration list for PBXNativeTarget "SwiftStaticUITests" */ = {
			isa = XCConfigurationList;
			buildConfigurations = (
				0C7957841E07FB110053CD2C /* Debug */,
				0C7957851E07FB110053CD2C /* Release */,
			);
			defaultConfigurationIsVisible = 0;
			defaultConfigurationName = Release;
		};
		0C7957861E07FB110053CD2C /* Build configuration list for PBXNativeTarget "SwiftStaticUIUITests" */ = {
			isa = XCConfigurationList;
			buildConfigurations = (
				0C7957871E07FB110053CD2C /* Debug */,
				0C7957881E07FB110053CD2C /* Release */,
			);
			defaultConfigurationIsVisible = 0;
			defaultConfigurationName = Release;
		};
/* End XCConfigurationList section */
	};
	rootObject = 0C7957501E07FB110053CD2C /* Project object */;
}
